
Microsoft Visual Studio Solution File, Format Version 12.00
# Visual Studio Version 17
VisualStudioVersion = 17.3.32819.101
MinimumVisualStudioVersion = 10.0.40219.1
Project("{FAE04EC0-301F-11D3-BF4B-00C04F79EFBC}") = "VtitBid.ISP20.ChernetsovKuriev.Route", "VtitBid.ISP20.ChernetsovKuriev.Project\VtitBid.ISP20.ChernetsovKuriev.Route.csproj", "{A067CB71-793A-4CF2-8CE8-184FD3A16CA9}"
EndProject
Global
	GlobalSection(SolutionConfigurationPlatforms) = preSolution
		Debug|Any CPU = Debug|Any CPU
		Release|Any CPU = Release|Any CPU
	EndGlobalSection
	GlobalSection(ProjectConfigurationPlatforms) = postSolution
		{A067CB71-793A-4CF2-8CE8-184FD3A16CA9}.Debug|Any CPU.ActiveCfg = Debug|Any CPU
		{A067CB71-793A-4CF2-8CE8-184FD3A16CA9}.Debug|Any CPU.Build.0 = Debug|Any CPU
		{A067CB71-793A-4CF2-8CE8-184FD3A16CA9}.Release|Any CPU.ActiveCfg = Release|Any CPU
		{A067CB71-793A-4CF2-8CE8-184FD3A16CA9}.Release|Any CPU.Build.0 = Release|Any CPU
	EndGlobalSection
	GlobalSection(SolutionProperties) = preSolution
		HideSolutionNode = FALSE
	EndGlobalSection
	GlobalSection(ExtensibilityGlobals) = postSolution
		SolutionGuid = {91C6130E-0A2A-418F-BFEC-910D8996791A}
	EndGlobalSection
EndGlobal
