
Microsoft Visual Studio Solution File, Format Version 12.00
# Visual Studio Version 17
VisualStudioVersion = 17.3.32819.101
MinimumVisualStudioVersion = 10.0.40219.1
Project("{FAE04EC0-301F-11D3-BF4B-00C04F79EFBC}") = "VtitBid.ISP20.Chernetsov.Gnomes", "VtitBid.ISP20.Chernetsov.Gnomes\VtitBid.ISP20.Chernetsov.Gnomes.csproj", "{F41E5D88-DC19-428E-834B-4FC2CE3DEDD4}"
EndProject
Global
	GlobalSection(SolutionConfigurationPlatforms) = preSolution
		Debug|Any CPU = Debug|Any CPU
		Release|Any CPU = Release|Any CPU
	EndGlobalSection
	GlobalSection(ProjectConfigurationPlatforms) = postSolution
		{F41E5D88-DC19-428E-834B-4FC2CE3DEDD4}.Debug|Any CPU.ActiveCfg = Debug|Any CPU
		{F41E5D88-DC19-428E-834B-4FC2CE3DEDD4}.Debug|Any CPU.Build.0 = Debug|Any CPU
		{F41E5D88-DC19-428E-834B-4FC2CE3DEDD4}.Release|Any CPU.ActiveCfg = Release|Any CPU
		{F41E5D88-DC19-428E-834B-4FC2CE3DEDD4}.Release|Any CPU.Build.0 = Release|Any CPU
	EndGlobalSection
	GlobalSection(SolutionProperties) = preSolution
		HideSolutionNode = FALSE
	EndGlobalSection
	GlobalSection(ExtensibilityGlobals) = postSolution
		SolutionGuid = {2364001E-2F4C-4AFB-93B9-5362CBC65B0B}
	EndGlobalSection
EndGlobal
